
Microsoft Visual Studio Solution File, Format Version 12.00
# Visual Studio Version 16
VisualStudioVersion = 16.0.28711.60
MinimumVisualStudioVersion = 10.0.40219.1
Project("{FAE04EC0-301F-11D3-BF4B-00C04F79EFBC}") = "Smite.Net", "src\Smite.Net.csproj", "{2EB63FCF-DBF6-40DE-BDC2-1ACDC67EDB01}"
EndProject
Global
	GlobalSection(SolutionConfigurationPlatforms) = preSolution
		Debug|Any CPU = Debug|Any CPU
		Release|Any CPU = Release|Any CPU
	EndGlobalSection
	GlobalSection(ProjectConfigurationPlatforms) = postSolution
		{2EB63FCF-DBF6-40DE-BDC2-1ACDC67EDB01}.Debug|Any CPU.ActiveCfg = Debug|Any CPU
		{2EB63FCF-DBF6-40DE-BDC2-1ACDC67EDB01}.Debug|Any CPU.Build.0 = Debug|Any CPU
		{2EB63FCF-DBF6-40DE-BDC2-1ACDC67EDB01}.Release|Any CPU.ActiveCfg = Release|Any CPU
		{2EB63FCF-DBF6-40DE-BDC2-1ACDC67EDB01}.Release|Any CPU.Build.0 = Release|Any CPU
	EndGlobalSection
	GlobalSection(SolutionProperties) = preSolution
		HideSolutionNode = FALSE
	EndGlobalSection
	GlobalSection(ExtensibilityGlobals) = postSolution
		SolutionGuid = {C2D33070-9EE5-4C54-B3BA-3A4B8B5BD30E}
	EndGlobalSection
EndGlobal
